
Microsoft Visual Studio Solution File, Format Version 12.00
# Visual Studio Version 16
VisualStudioVersion = 16.0.31019.35
MinimumVisualStudioVersion = 10.0.40219.1
Project("{9A19103F-16F7-4668-BE54-9A1E7A4F7556}") = "DataAccess", "DataAccess\DataAccess.csproj", "{87027D22-0AD5-46C4-A89B-1B28A674F912}"
EndProject
Project("{9A19103F-16F7-4668-BE54-9A1E7A4F7556}") = "Business", "Business\Business.csproj", "{60D401A5-7245-4387-BF6D-A092BBFBA88C}"
EndProject
Project("{9A19103F-16F7-4668-BE54-9A1E7A4F7556}") = "Entities", "Entities\Entities.csproj", "{7C4B3EAA-A340-4869-A1CA-FA383F6C0A4D}"
EndProject
Project("{9A19103F-16F7-4668-BE54-9A1E7A4F7556}") = "ConsoleUI", "ConsoleUI\ConsoleUI.csproj", "{FE5FF7F1-BEE5-431C-A74B-DFDA75E70AC4}"
EndProject
Project("{9A19103F-16F7-4668-BE54-9A1E7A4F7556}") = "Core", "Core\Core.csproj", "{18E86C79-4BFE-406E-9C2A-768E42712B25}"
EndProject
Project("{FAE04EC0-301F-11D3-BF4B-00C04F79EFBC}") = "WebAPI", "WebAPI\WebAPI.csproj", "{88375D54-B1A9-4B15-8422-433549F1E37A}"
EndProject
Global
	GlobalSection(SolutionConfigurationPlatforms) = preSolution
		Debug|Any CPU = Debug|Any CPU
		Release|Any CPU = Release|Any CPU
	EndGlobalSection
	GlobalSection(ProjectConfigurationPlatforms) = postSolution
		{87027D22-0AD5-46C4-A89B-1B28A674F912}.Debug|Any CPU.ActiveCfg = Debug|Any CPU
		{87027D22-0AD5-46C4-A89B-1B28A674F912}.Debug|Any CPU.Build.0 = Debug|Any CPU
		{87027D22-0AD5-46C4-A89B-1B28A674F912}.Release|Any CPU.ActiveCfg = Release|Any CPU
		{87027D22-0AD5-46C4-A89B-1B28A674F912}.Release|Any CPU.Build.0 = Release|Any CPU
		{60D401A5-7245-4387-BF6D-A092BBFBA88C}.Debug|Any CPU.ActiveCfg = Debug|Any CPU
		{60D401A5-7245-4387-BF6D-A092BBFBA88C}.Debug|Any CPU.Build.0 = Debug|Any CPU
		{60D401A5-7245-4387-BF6D-A092BBFBA88C}.Release|Any CPU.ActiveCfg = Release|Any CPU
		{60D401A5-7245-4387-BF6D-A092BBFBA88C}.Release|Any CPU.Build.0 = Release|Any CPU
		{7C4B3EAA-A340-4869-A1CA-FA383F6C0A4D}.Debug|Any CPU.ActiveCfg = Debug|Any CPU
		{7C4B3EAA-A340-4869-A1CA-FA383F6C0A4D}.Debug|Any CPU.Build.0 = Debug|Any CPU
		{7C4B3EAA-A340-4869-A1CA-FA383F6C0A4D}.Release|Any CPU.ActiveCfg = Release|Any CPU
		{7C4B3EAA-A340-4869-A1CA-FA383F6C0A4D}.Release|Any CPU.Build.0 = Release|Any CPU
		{FE5FF7F1-BEE5-431C-A74B-DFDA75E70AC4}.Debug|Any CPU.ActiveCfg = Debug|Any CPU
		{FE5FF7F1-BEE5-431C-A74B-DFDA75E70AC4}.Debug|Any CPU.Build.0 = Debug|Any CPU
		{FE5FF7F1-BEE5-431C-A74B-DFDA75E70AC4}.Release|Any CPU.ActiveCfg = Release|Any CPU
		{FE5FF7F1-BEE5-431C-A74B-DFDA75E70AC4}.Release|Any CPU.Build.0 = Release|Any CPU
		{18E86C79-4BFE-406E-9C2A-768E42712B25}.Debug|Any CPU.ActiveCfg = Debug|Any CPU
		{18E86C79-4BFE-406E-9C2A-768E42712B25}.Debug|Any CPU.Build.0 = Debug|Any CPU
		{18E86C79-4BFE-406E-9C2A-768E42712B25}.Release|Any CPU.ActiveCfg = Release|Any CPU
		{18E86C79-4BFE-406E-9C2A-768E42712B25}.Release|Any CPU.Build.0 = Release|Any CPU
		{88375D54-B1A9-4B15-8422-433549F1E37A}.Debug|Any CPU.ActiveCfg = Debug|Any CPU
		{88375D54-B1A9-4B15-8422-433549F1E37A}.Debug|Any CPU.Build.0 = Debug|Any CPU
		{88375D54-B1A9-4B15-8422-433549F1E37A}.Release|Any CPU.ActiveCfg = Release|Any CPU
		{88375D54-B1A9-4B15-8422-433549F1E37A}.Release|Any CPU.Build.0 = Release|Any CPU
	EndGlobalSection
	GlobalSection(SolutionProperties) = preSolution
		HideSolutionNode = FALSE
	EndGlobalSection
	GlobalSection(ExtensibilityGlobals) = postSolution
		SolutionGuid = {B54C3441-8F34-4795-BF8E-CE0E3E5ACA36}
	EndGlobalSection
EndGlobal
